
Microsoft Visual Studio Solution File, Format Version 12.00
# Visual Studio Version 17
VisualStudioVersion = 17.4.33110.190
MinimumVisualStudioVersion = 10.0.40219.1
Project("{FAE04EC0-301F-11D3-BF4B-00C04F79EFBC}") = "ApiPIM", "ApiPIM\ApiPIM.csproj", "{CCD7E908-0625-4CC4-9A3E-CC64BBDB1D58}"
EndProject
Global
	GlobalSection(SolutionConfigurationPlatforms) = preSolution
		Debug|Any CPU = Debug|Any CPU
		Release|Any CPU = Release|Any CPU
	EndGlobalSection
	GlobalSection(ProjectConfigurationPlatforms) = postSolution
		{CCD7E908-0625-4CC4-9A3E-CC64BBDB1D58}.Debug|Any CPU.ActiveCfg = Debug|Any CPU
		{CCD7E908-0625-4CC4-9A3E-CC64BBDB1D58}.Debug|Any CPU.Build.0 = Debug|Any CPU
		{CCD7E908-0625-4CC4-9A3E-CC64BBDB1D58}.Release|Any CPU.ActiveCfg = Release|Any CPU
		{CCD7E908-0625-4CC4-9A3E-CC64BBDB1D58}.Release|Any CPU.Build.0 = Release|Any CPU
	EndGlobalSection
	GlobalSection(SolutionProperties) = preSolution
		HideSolutionNode = FALSE
	EndGlobalSection
	GlobalSection(ExtensibilityGlobals) = postSolution
		SolutionGuid = {54C46C18-ED1E-4865-98F8-B54AC785A370}
	EndGlobalSection
EndGlobal
